lockfileVersion: '9.0'

settings:
  autoInstallPeers: true
  excludeLinksFromLockfile: false

importers:

  .:
    dependencies:
      '@scope/demo':
        specifier: ~1.0.0
        version: 1.0.2(ms@2.1.3)
      ms:
        specifier: ^2.1.1
        version: 2.1.3
    devDependencies:
      debug:
        specifier: ^4.3.4
        version: 4.3.7

packages:

  '@scope/demo@1.0.2':
    resolution: {integrity: sha512-yGmVQpG1ZtVYVkPZFVvIC7vqJlnBixSVkGSOnHrTUEZwkfyOR2mMKtAyEQOZLSOnHfXFVjMEuVMQi9uZN5H0dg==}
    peerDependencies:
      ms: '*'

  debug@4.3.7:
    resolution: {integrity: sha512-Er2nc/H7RrMXZBFCEim6TCmMk02Z8vLC2Rbi1KEBggpo0fS6l0S1nnapwmIi3yW/+GOJap1Krg4w0Hg80oCqgQ==}
    engines: {node: '>=6.0'}

  ms@2.0.0:
    resolution: {integrity: sha512-Tpp60P6IUJDTuOq/5Z8cdskzJujfwqfOTkrwIwj7IRISpnkJnT6SyJ4PCPnGMoFjC9ddhal5KVIYtAt97ix05A==}

  ms@2.1.3:
    resolution: {integrity: sha512-6FlzubTLZG3J2a/NVCAleEhjzq5oxgHyaCU9yYXvcLsvoVaHJq/s5xXI6/XXP6tz7R9xAOtHnSO/tXtF3WRTlA==}

snapshots:

  '@scope/demo@1.0.2(ms@2.1.3)':
    dependencies:
      ms: 2.1.3

  debug@4.3.7:
    dependencies:
      ms: 2.0.0

  ms@2.0.0: {}

  ms@2.1.3: {}
